
Microsoft Visual Studio Solution File, Format Version 12.00
# Visual Studio 15
VisualStudioVersion = 15.0.27130.2036
MinimumVisualStudioVersion = 10.0.40219.1
Project("{FAE04EC0-301F-11D3-BF4B-00C04F79EFBC}") = "ValueTuples", "ValueTuples\ValueTuples.csproj", "{7CB5D5A1-E71C-4A74-AD38-AB17A15FAC54}"
EndProject
Project("{FAE04EC0-301F-11D3-BF4B-00C04F79EFBC}") = "ValueTuples.Binding.WinForms", "ValueTuples.Binding.WinForms\ValueTuples.Binding.WinForms.csproj", "{A38E4D8A-B4E5-4A43-8EDC-E5EF261E0667}"
EndProject
Project("{FAE04EC0-301F-11D3-BF4B-00C04F79EFBC}") = "ValueTuples.Binding.WPF", "ValueTuples.Binding.WPF\ValueTuples.Binding.WPF.csproj", "{9C2CE67A-E90E-4EDF-B35C-E5C446011237}"
EndProject
Global
	GlobalSection(SolutionConfigurationPlatforms) = preSolution
		Debug|Any CPU = Debug|Any CPU
		Release|Any CPU = Release|Any CPU
	EndGlobalSection
	GlobalSection(ProjectConfigurationPlatforms) = postSolution
		{7CB5D5A1-E71C-4A74-AD38-AB17A15FAC54}.Debug|Any CPU.ActiveCfg = Debug|Any CPU
		{7CB5D5A1-E71C-4A74-AD38-AB17A15FAC54}.Debug|Any CPU.Build.0 = Debug|Any CPU
		{7CB5D5A1-E71C-4A74-AD38-AB17A15FAC54}.Release|Any CPU.ActiveCfg = Release|Any CPU
		{7CB5D5A1-E71C-4A74-AD38-AB17A15FAC54}.Release|Any CPU.Build.0 = Release|Any CPU
		{A38E4D8A-B4E5-4A43-8EDC-E5EF261E0667}.Debug|Any CPU.ActiveCfg = Debug|Any CPU
		{A38E4D8A-B4E5-4A43-8EDC-E5EF261E0667}.Debug|Any CPU.Build.0 = Debug|Any CPU
		{A38E4D8A-B4E5-4A43-8EDC-E5EF261E0667}.Release|Any CPU.ActiveCfg = Release|Any CPU
		{A38E4D8A-B4E5-4A43-8EDC-E5EF261E0667}.Release|Any CPU.Build.0 = Release|Any CPU
		{9C2CE67A-E90E-4EDF-B35C-E5C446011237}.Debug|Any CPU.ActiveCfg = Debug|Any CPU
		{9C2CE67A-E90E-4EDF-B35C-E5C446011237}.Debug|Any CPU.Build.0 = Debug|Any CPU
		{9C2CE67A-E90E-4EDF-B35C-E5C446011237}.Release|Any CPU.ActiveCfg = Release|Any CPU
		{9C2CE67A-E90E-4EDF-B35C-E5C446011237}.Release|Any CPU.Build.0 = Release|Any CPU
	EndGlobalSection
	GlobalSection(SolutionProperties) = preSolution
		HideSolutionNode = FALSE
	EndGlobalSection
	GlobalSection(ExtensibilityGlobals) = postSolution
		SolutionGuid = {50D33AEF-62D7-4D43-A9F5-6DF52F3EDCE1}
	EndGlobalSection
EndGlobal
